
Microsoft Visual Studio Solution File, Format Version 12.00
# Visual Studio Version 17
VisualStudioVersion = 17.9.34607.119
MinimumVisualStudioVersion = 10.0.40219.1
Project("{FAE04EC0-301F-11D3-BF4B-00C04F79EFBC}") = "Helper", "Helper\Helper.csproj", "{B4922374-8260-491B-972A-6EF7BA0A92B0}"
EndProject
Project("{FAE04EC0-301F-11D3-BF4B-00C04F79EFBC}") = "TestHelper", "TestHelper\TestHelper.csproj", "{35EA9538-8449-434A-B619-E94DDF606216}"
EndProject
Global
	GlobalSection(SolutionConfigurationPlatforms) = preSolution
		Debug|Any CPU = Debug|Any CPU
		Release|Any CPU = Release|Any CPU
	EndGlobalSection
	GlobalSection(ProjectConfigurationPlatforms) = postSolution
		{B4922374-8260-491B-972A-6EF7BA0A92B0}.Debug|Any CPU.ActiveCfg = Debug|Any CPU
		{B4922374-8260-491B-972A-6EF7BA0A92B0}.Debug|Any CPU.Build.0 = Debug|Any CPU
		{B4922374-8260-491B-972A-6EF7BA0A92B0}.Release|Any CPU.ActiveCfg = Release|Any CPU
		{B4922374-8260-491B-972A-6EF7BA0A92B0}.Release|Any CPU.Build.0 = Release|Any CPU
		{35EA9538-8449-434A-B619-E94DDF606216}.Debug|Any CPU.ActiveCfg = Debug|Any CPU
		{35EA9538-8449-434A-B619-E94DDF606216}.Debug|Any CPU.Build.0 = Debug|Any CPU
		{35EA9538-8449-434A-B619-E94DDF606216}.Release|Any CPU.ActiveCfg = Release|Any CPU
		{35EA9538-8449-434A-B619-E94DDF606216}.Release|Any CPU.Build.0 = Release|Any CPU
	EndGlobalSection
	GlobalSection(SolutionProperties) = preSolution
		HideSolutionNode = FALSE
	EndGlobalSection
	GlobalSection(ExtensibilityGlobals) = postSolution
		SolutionGuid = {021D52F6-2F4A-451E-8977-4B69242213E6}
	EndGlobalSection
EndGlobal
